// !$*UTF8*$!
{
	archiveVersion = 1;
	classes = {
	};
	objectVersion = 46;
	objects = {

/* Begin PBXBuildFile section */
		D4C2123357DDA1D4F5A7654C /* Pods_OcrTest.framework in Frameworks */ = {isa = PBXBuildFile; fileRef = 764B03B4E807936BC7602AF0 /* Pods_OcrTest.framework */; };
		D97F18B71F6591D2009D788F /* AppDelegate.swift in Sources */ = {isa = PBXBuildFile; fileRef = D97F18B61F6591D2009D788F /* AppDelegate.swift */; };
		D97F18B91F6591D2009D788F /* ViewController.swift in Sources */ = {isa = PBXBuildFile; fileRef = D97F18B81F6591D2009D788F /* ViewController.swift */; };
		D97F18BC1F6591D2009D788F /* Main.storyboard in Resources */ = {isa = PBXBuildFile; fileRef = D97F18BA1F6591D2009D788F /* Main.storyboard */; };
		D97F18BE1F6591D2009D788F /* Assets.xcassets in Resources */ = {isa = PBXBuildFile; fileRef = D97F18BD1F6591D2009D788F /* Assets.xcassets */; };
		D97F18C11F6591D2009D788F /* LaunchScreen.storyboard in Resources */ = {isa = PBXBuildFile; fileRef = D97F18BF1F6591D2009D788F /* LaunchScreen.storyboard */; };
		D97F18CA1F65959F009D788F /* eng.traineddata in Resources */ = {isa = PBXBuildFile; fileRef = D97F18C91F65959F009D788F /* eng.traineddata */; };
/* End PBXBuildFile section */

/* Begin PBXFileReference section */
		764B03B4E807936BC7602AF0 /* Pods_OcrTest.framework */ = {isa = PBXFileReference; explicitFileType = wrapper.framework; includeInIndex = 0; path = Pods_OcrTest.framework; sourceTree = BUILT_PRODUCTS_DIR; };
		D97F18B31F6591D2009D788F /* OcrTest.app */ = {isa = PBXFileReference; explicitFileType = wrapper.application; includeInIndex = 0; path = OcrTest.app; sourceTree = BUILT_PRODUCTS_DIR; };
		D97F18B61F6591D2009D788F /* AppDelegate.swift */ = {isa = PBXFileReference; lastKnownFileType = sourcecode.swift; path = AppDelegate.swift; sourceTree = "<group>"; };
		D97F18B81F6591D2009D788F /* ViewController.swift */ = {isa = PBXFileReference; lastKnownFileType = sourcecode.swift; path = ViewController.swift; sourceTree = "<group>"; };
		D97F18BB1F6591D2009D788F /* Base */ = {isa = PBXFileReference; lastKnownFileType = file.storyboard; name = Base; path = Base.lproj/Main.storyboard; sourceTree = "<group>"; };
		D97F18BD1F6591D2009D788F /* Assets.xcassets */ = {isa = PBXFileReference; lastKnownFileType = folder.assetcatalog; path = Assets.xcassets; sourceTree = "<group>"; };
		D97F18C01F6591D2009D788F /* Base */ = {isa = PBXFileReference; lastKnownFileType = file.storyboard; name = Base; path = Base.lproj/LaunchScreen.storyboard; sourceTree = "<group>"; };
		D97F18C21F6591D2009D788F /* Info.plist */ = {isa = PBXFileReference; lastKnownFileType = text.plist.xml; path = Info.plist; sourceTree = "<group>"; };
		D97F18C91F65959F009D788F /* eng.traineddata */ = {isa = PBXFileReference; lastKnownFileType = file; path = eng.traineddata; sourceTree = "<group>"; };
		E4280D8BF59DD7BB803AD5EB /* Pods-OcrTest.release.xcconfig */ = {isa = PBXFileReference; includeInIndex = 1; lastKnownFileType = text.xcconfig; name = "Pods-OcrTest.release.xcconfig"; path = "Pods/Target Support Files/Pods-OcrTest/Pods-OcrTest.release.xcconfig"; sourceTree = "<group>"; };
		E6B6AC091B412AB8DAF66E48 /* Pods-OcrTest.debug.xcconfig */ = {isa = PBXFileReference; includeInIndex = 1; lastKnownFileType = text.xcconfig; name = "Pods-OcrTest.debug.xcconfig"; path = "Pods/Target Support Files/Pods-OcrTest/Pods-OcrTest.debug.xcconfig"; sourceTree = "<group>"; };
/* End PBXFileReference section */

/* Begin PBXFrameworksBuildPhase section */
		D97F18B01F6591D2009D788F /* Frameworks */ = {
			isa = PBXFrameworksBuildPhase;
			buildActionMask = 2147483647;
			files = (
				D4C2123357DDA1D4F5A7654C /* Pods_OcrTest.framework in Frameworks */,
			);
			runOnlyForDeploymentPostprocessing = 0;
		};
/* End PBXFrameworksBuildPhase section */

/* Begin PBXGroup section */
		3ACB241622E45AF183F5E361 /* Pods */ = {
			isa = PBXGroup;
			children = (
				E6B6AC091B412AB8DAF66E48 /* Pods-OcrTest.debug.xcconfig */,
				E4280D8BF59DD7BB803AD5EB /* Pods-OcrTest.release.xcconfig */,
			);
			name = Pods;
			sourceTree = "<group>";
		};
		D97F18AA1F6591D2009D788F = {
			isa = PBXGroup;
			children = (
				D97F18B51F6591D2009D788F /* OcrTest */,
				D97F18B41F6591D2009D788F /* Products */,
				3ACB241622E45AF183F5E361 /* Pods */,
				F87EDE5512234FA00E4249AA /* Frameworks */,
			);
			sourceTree = "<group>";
		};
		D97F18B41F6591D2009D788F /* Products */ = {
			isa = PBXGroup;
			children = (
				D97F18B31F6591D2009D788F /* OcrTest.app */,
			);
			name = Products;
			sourceTree = "<group>";
		};
		D97F18B51F6591D2009D788F /* OcrTest */ = {
			isa = PBXGroup;
			children = (
				D97F18C81F659580009D788F /* tesadata */,
				D97F18B61F6591D2009D788F /* AppDelegate.swift */,
				D97F18B81F6591D2009D788F /* ViewController.swift */,
				D97F18BA1F6591D2009D788F /* Main.storyboard */,
				D97F18BD1F6591D2009D788F /* Assets.xcassets */,
				D97F18BF1F6591D2009D788F /* LaunchScreen.storyboard */,
				D97F18C21F6591D2009D788F /* Info.plist */,
			);
			path = OcrTest;
			sourceTree = "<group>";
		};
		D97F18C81F659580009D788F /* tesadata */ = {
			isa = PBXGroup;
			children = (
				D97F18C91F65959F009D788F /* eng.traineddata */,
			);
			name = tesadata;
			sourceTree = "<group>";
		};
		F87EDE5512234FA00E4249AA /* Frameworks */ = {
			isa = PBXGroup;
			children = (
				764B03B4E807936BC7602AF0 /* Pods_OcrTest.framework */,
			);
			name = Frameworks;
			sourceTree = "<group>";
		};
/* End PBXGroup section */

/* Begin PBXNativeTarget section */
		D97F18B21F6591D2009D788F /* OcrTest */ = {
			isa = PBXNativeTarget;
			buildConfigurationList = D97F18C51F6591D2009D788F /* Build configuration list for PBXNativeTarget "OcrTest" */;
			buildPhases = (
				B3146EF8EEA5DF40FFB8E519 /* [CP] Check Pods Manifest.lock */,
				D97F18AF1F6591D2009D788F /* Sources */,
				D97F18B01F6591D2009D788F /* Frameworks */,
				D97F18B11F6591D2009D788F /* Resources */,
				5FFDC7DCE02E5D8440DD3944 /* [CP] Embed Pods Frameworks */,
				6327A0503E01FD1EC367CCEE /* [CP] Copy Pods Resources */,
			);
			buildRules = (
			);
			dependencies = (
			);
			name = OcrTest;
			productName = OcrTest;
			productReference = D97F18B31F6591D2009D788F /* OcrTest.app */;
			productType = "com.apple.product-type.application";
		};
/* End PBXNativeTarget section */

/* Begin PBXProject section */
		D97F18AB1F6591D2009D788F /* Project object */ = {
			isa = PBXProject;
			attributes = {
				LastSwiftUpdateCheck = 0830;
				LastUpgradeCheck = 0830;
				ORGANIZATIONNAME = MOHAMED;
				TargetAttributes = {
					D97F18B21F6591D2009D788F = {
						CreatedOnToolsVersion = 8.3.3;
						DevelopmentTeam = 5R27SH76MM;
						ProvisioningStyle = Automatic;
					};
				};
			};
			buildConfigurationList = D97F18AE1F6591D2009D788F /* Build configuration list for PBXProject "OcrTest" */;
			compatibilityVersion = "Xcode 3.2";
			developmentRegion = English;
			hasScannedForEncodings = 0;
			knownRegions = (
				en,
				Base,
			);
			mainGroup = D97F18AA1F6591D2009D788F;
			productRefGroup = D97F18B41F6591D2009D788F /* Products */;
			projectDirPath = "";
			projectRoot = "";
			targets = (
				D97F18B21F6591D2009D788F /* OcrTest */,
			);
		};
/* End PBXProject section */

/* Begin PBXResourcesBuildPhase section */
		D97F18B11F6591D2009D788F /* Resources */ = {
			isa = PBXResourcesBuildPhase;
			buildActionMask = 2147483647;
			files = (
				D97F18CA1F65959F009D788F /* eng.traineddata in Resources */,
				D97F18C11F6591D2009D788F /* LaunchScreen.storyboard in Resources */,
				D97F18BE1F6591D2009D788F /* Assets.xcassets in Resources */,
				D97F18BC1F6591D2009D788F /* Main.storyboard in Resources */,
			);
			runOnlyForDeploymentPostprocessing = 0;
		};
/* End PBXResourcesBuildPhase section */

/* Begin PBXShellScriptBuildPhase section */
		5FFDC7DCE02E5D8440DD3944 /* [CP] Embed Pods Frameworks */ = {
			isa = PBXShellScriptBuildPhase;
			buildActionMask = 2147483647;
			files = (
			);
			inputPaths = (
			);
			name = "[CP] Embed Pods Frameworks";
			outputPaths = (
			);
			runOnlyForDeploymentPostprocessing = 0;
			shellPath = /bin/sh;
			shellScript = "\"${SRCROOT}/Pods/Target Support Files/Pods-OcrTest/Pods-OcrTest-frameworks.sh\"\n";
			showEnvVarsInLog = 0;
		};
		6327A0503E01FD1EC367CCEE /* [CP] Copy Pods Resources */ = {
			isa = PBXShellScriptBuildPhase;
			buildActionMask = 2147483647;
			files = (
			);
			inputPaths = (
			);
			name = "[CP] Copy Pods Resources";
			outputPaths = (
			);
			runOnlyForDeploymentPostprocessing = 0;
			shellPath = /bin/sh;
			shellScript = "\"${SRCROOT}/Pods/Target Support Files/Pods-OcrTest/Pods-OcrTest-resources.sh\"\n";
			showEnvVarsInLog = 0;
		};
		B3146EF8EEA5DF40FFB8E519 /* [CP] Check Pods Manifest.lock */ = {
			isa = PBXShellScriptBuildPhase;
			buildActionMask = 2147483647;
			files = (
			);
			inputPaths = (
			);
			name = "[CP] Check Pods Manifest.lock";
			outputPaths = (
			);
			runOnlyForDeploymentPostprocessing = 0;
			shellPath = /bin/sh;
			shellScript = "diff \"${PODS_ROOT}/../Podfile.lock\" \"${PODS_ROOT}/Manifest.lock\" > /dev/null\nif [ $? != 0 ] ; then\n    # print error to STDERR\n    echo \"error: The sandbox is not in sync with the Podfile.lock. Run 'pod install' or update your CocoaPods installation.\" >&2\n    exit 1\nfi\n";
			showEnvVarsInLog = 0;
		};
/* End PBXShellScriptBuildPhase section */

/* Begin PBXSourcesBuildPhase section */
		D97F18AF1F6591D2009D788F /* Sources */ = {
			isa = PBXSourcesBuildPhase;
			buildActionMask = 2147483647;
			files = (
				D97F18B91F6591D2009D788F /* ViewController.swift in Sources */,
				D97F18B71F6591D2009D788F /* AppDelegate.swift in Sources */,
			);
			runOnlyForDeploymentPostprocessing = 0;
		};
/* End PBXSourcesBuildPhase section */

/* Begin PBXVariantGroup section */
		D97F18BA1F6591D2009D788F /* Main.storyboard */ = {
			isa = PBXVariantGroup;
			children = (
				D97F18BB1F6591D2009D788F /* Base */,
			);
			name = Main.storyboard;
			sourceTree = "<group>";
		};
		D97F18BF1F6591D2009D788F /* LaunchScreen.storyboard */ = {
			isa = PBXVariantGroup;
			children = (
				D97F18C01F6591D2009D788F /* Base */,
			);
			name = LaunchScreen.storyboard;
			sourceTree = "<group>";
		};
/* End PBXVariantGroup section */

/* Begin XCBuildConfiguration section */
		D97F18C31F6591D2009D788F /* Debug */ = {
			isa = XCBuildConfiguration;
			buildSettings = {
				ALWAYS_SEARCH_USER_PATHS = NO;
				CLANG_ANALYZER_NONNULL = YES;
				CLANG_ANALYZER_NUMBER_OBJECT_CONVERSION = YES_AGGRESSIVE;
				CLANG_CXX_LANGUAGE_STANDARD = "gnu++0x";
				CLANG_CXX_LIBRARY = "libc++";
				CLANG_ENABLE_MODULES = YES;
				CLANG_ENABLE_OBJC_ARC = YES;
				CLANG_WARN_BOOL_CONVERSION = YES;
				CLANG_WARN_CONSTANT_CONVERSION = YES;
				CLANG_WARN_DIRECT_OBJC_ISA_USAGE = YES_ERROR;
				CLANG_WARN_DOCUMENTATION_COMMENTS = YES;
				CLANG_WARN_EMPTY_BODY = YES;
				CLANG_WARN_ENUM_CONVERSION = YES;
				CLANG_WARN_INFINITE_RECURSION = YES;
				CLANG_WARN_INT_CONVERSION = YES;
				CLANG_WARN_OBJC_ROOT_CLASS = YES_ERROR;
				CLANG_WARN_SUSPICIOUS_MOVE = YES;
				CLANG_WARN_UNREACHABLE_CODE = YES;
				CLANG_WARN__DUPLICATE_METHOD_MATCH = YES;
				"CODE_SIGN_IDENTITY[sdk=iphoneos*]" = "iPhone Developer";
				COPY_PHASE_STRIP = NO;
				DEBUG_INFORMATION_FORMAT = dwarf;
				ENABLE_BITCODE = NO;
				ENABLE_STRICT_OBJC_MSGSEND = YES;
				ENABLE_TESTABILITY = YES;
				GCC_C_LANGUAGE_STANDARD = gnu99;
				GCC_DYNAMIC_NO_PIC = NO;
				GCC_NO_COMMON_BLOCKS = YES;
				GCC_OPTIMIZATION_LEVEL = 0;
				GCC_PREPROCESSOR_DEFINITIONS = (
					"DEBUG=1",
					"$(inherited)",
				);
				GCC_WARN_64_TO_32_BIT_CONVERSION = YES;
				GCC_WARN_ABOUT_RETURN_TYPE = YES_ERROR;
				GCC_WARN_UNDECLARED_SELECTOR = YES;
				GCC_WARN_UNINITIALIZED_AUTOS = YES_AGGRESSIVE;
				GCC_WARN_UNUSED_FUNCTION = YES;
				GCC_WARN_UNUSED_VARIABLE = YES;
				IPHONEOS_DEPLOYMENT_TARGET = 10.3;
				MTL_ENABLE_DEBUG_INFO = YES;
				ONLY_ACTIVE_ARCH = YES;
				SDKROOT = iphoneos;
				SWIFT_ACTIVE_COMPILATION_CONDITIONS = DEBUG;
				SWIFT_OPTIMIZATION_LEVEL = "-Onone";
				TARGETED_DEVICE_FAMILY = "1,2";
			};
			name = Debug;
		};
		D97F18C41F6591D2009D788F /* Release */ = {
			isa = XCBuildConfiguration;
			buildSettings = {
				ALWAYS_SEARCH_USER_PATHS = NO;
				CLANG_ANALYZER_NONNULL = YES;
				CLANG_ANALYZER_NUMBER_OBJECT_CONVERSION = YES_AGGRESSIVE;
				CLANG_CXX_LANGUAGE_STANDARD = "gnu++0x";
				CLANG_CXX_LIBRARY = "libc++";
				CLANG_ENABLE_MODULES = YES;
				CLANG_ENABLE_OBJC_ARC = YES;
				CLANG_WARN_BOOL_CONVERSION = YES;
				CLANG_WARN_CONSTANT_CONVERSION = YES;
				CLANG_WARN_DIRECT_OBJC_ISA_USAGE = YES_ERROR;
				CLANG_WARN_DOCUMENTATION_COMMENTS = YES;
				CLANG_WARN_EMPTY_BODY = YES;
				CLANG_WARN_ENUM_CONVERSION = YES;
				CLANG_WARN_INFINITE_RECURSION = YES;
				CLANG_WARN_INT_CONVERSION = YES;
				CLANG_WARN_OBJC_ROOT_CLASS = YES_ERROR;
				CLANG_WARN_SUSPICIOUS_MOVE = YES;
				CLANG_WARN_UNREACHABLE_CODE = YES;
				CLANG_WARN__DUPLICATE_METHOD_MATCH = YES;
				"CODE_SIGN_IDENTITY[sdk=iphoneos*]" = "iPhone Developer";
				COPY_PHASE_STRIP = NO;
				DEBUG_INFORMATION_FORMAT = "dwarf-with-dsym";
				ENABLE_BITCODE = NO;
				ENABLE_NS_ASSERTIONS = NO;
				ENABLE_STRICT_OBJC_MSGSEND = YES;
				GCC_C_LANGUAGE_STANDARD = gnu99;
				GCC_NO_COMMON_BLOCKS = YES;
				GCC_WARN_64_TO_32_BIT_CONVERSION = YES;
				GCC_WARN_ABOUT_RETURN_TYPE = YES_ERROR;
				GCC_WARN_UNDECLARED_SELECTOR = YES;
				GCC_WARN_UNINITIALIZED_AUTOS = YES_AGGRESSIVE;
				GCC_WARN_UNUSED_FUNCTION = YES;
				GCC_WARN_UNUSED_VARIABLE = YES;
				IPHONEOS_DEPLOYMENT_TARGET = 10.3;
				MTL_ENABLE_DEBUG_INFO = NO;
				SDKROOT = iphoneos;
				SWIFT_OPTIMIZATION_LEVEL = "-Owholemodule";
				TARGETED_DEVICE_FAMILY = "1,2";
				VALIDATE_PRODUCT = YES;
			};
			name = Release;
		};
		D97F18C61F6591D2009D788F /* Debug */ = {
			isa = XCBuildConfiguration;
			baseConfigurationReference = E6B6AC091B412AB8DAF66E48 /* Pods-OcrTest.debug.xcconfig */;
			buildSettings = {
				ASSETCATALOG_COMPILER_APPICON_NAME = AppIcon;
				DEVELOPMENT_TEAM = 5R27SH76MM;
				INFOPLIST_FILE = OcrTest/Info.plist;
				LD_RUNPATH_SEARCH_PATHS = "$(inherited) @executable_path/Frameworks";
				PRODUCT_BUNDLE_IDENTIFIER = com.kamatchoo.OcrTest;
				PRODUCT_NAME = "$(TARGET_NAME)";
				SWIFT_VERSION = 3.0;
			};
			name = Debug;
		};
		D97F18C71F6591D2009D788F /* Release */ = {
			isa = XCBuildConfiguration;
			baseConfigurationReference = E4280D8BF59DD7BB803AD5EB /* Pods-OcrTest.release.xcconfig */;
			buildSettings = {
				ASSETCATALOG_COMPILER_APPICON_NAME = AppIcon;
				DEVELOPMENT_TEAM = 5R27SH76MM;
				INFOPLIST_FILE = OcrTest/Info.plist;
				LD_RUNPATH_SEARCH_PATHS = "$(inherited) @executable_path/Frameworks";
				PRODUCT_BUNDLE_IDENTIFIER = com.kamatchoo.OcrTest;
				PRODUCT_NAME = "$(TARGET_NAME)";
				SWIFT_VERSION = 3.0;
			};
			name = Release;
		};
/* End XCBuildConfiguration section */

/* Begin XCConfigurationList section */
		D97F18AE1F6591D2009D788F /* Build configuration list for PBXProject "OcrTest" */ = {
			isa = XCConfigurationList;
			buildConfigurations = (
				D97F18C31F6591D2009D788F /* Debug */,
				D97F18C41F6591D2009D788F /* Release */,
			);
			defaultConfigurationIsVisible = 0;
			defaultConfigurationName = Release;
		};
		D97F18C51F6591D2009D788F /* Build configuration list for PBXNativeTarget "OcrTest" */ = {
			isa = XCConfigurationList;
			buildConfigurations = (
				D97F18C61F6591D2009D788F /* Debug */,
				D97F18C71F6591D2009D788F /* Release */,
			);
			defaultConfigurationIsVisible = 0;
			defaultConfigurationName = Release;
		};
/* End XCConfigurationList section */
	};
	rootObject = D97F18AB1F6591D2009D788F /* Project object */;
}
